// !$*UTF8*$!
{
  archiveVersion = 1;
  classes = {};
  objectVersion = 52;
  objects = {

/* Begin PBXProject section */
    1D6058900D05DD3D006BFB54 /* Project object */ = {
      isa = PBXProject;
      attributes = {
        LastUpgradeCheck = 9999;
      };
      buildConfigurationList = 1D60589A0D05DD3E006BFB54 /* Build configuration list */;
      compatibilityVersion = "Xcode 3.2";
      developmentRegion = English;
      hasScannedForEncodings = 0;
      knownRegions = (
        en,
      );
      mainGroup = 1D60588D0D05DD3D006BFB54;
      productRefGroup = 1D60588E0D05DD3D006BFB54;
      projectDirPath = "";
      projectRoot = "";
      targets = (
        1D6058910D05DD3E006BFB54 /* HelloSwiftUI */,
      );
    };
/* End PBXProject section */

  };
  rootObject = 1D6058900D05DD3D006BFB54 /* Project object */;
}
